
Microsoft Visual Studio Solution File, Format Version 12.00
# Visual Studio Version 17
VisualStudioVersion = 17.0.32014.148
MinimumVisualStudioVersion = 10.0.40219.1
Project("{FAE04EC0-301F-11D3-BF4B-00C04F79EFBC}") = "Task_3", "Task_3\Task_3.csproj", "{E1C534AD-464C-4D3C-996E-BDD4BAF9E561}"
EndProject
Global
	GlobalSection(SolutionConfigurationPlatforms) = preSolution
		Debug|Any CPU = Debug|Any CPU
		Release|Any CPU = Release|Any CPU
	EndGlobalSection
	GlobalSection(ProjectConfigurationPlatforms) = postSolution
		{E1C534AD-464C-4D3C-996E-BDD4BAF9E561}.Debug|Any CPU.ActiveCfg = Debug|Any CPU
		{E1C534AD-464C-4D3C-996E-BDD4BAF9E561}.Debug|Any CPU.Build.0 = Debug|Any CPU
		{E1C534AD-464C-4D3C-996E-BDD4BAF9E561}.Release|Any CPU.ActiveCfg = Release|Any CPU
		{E1C534AD-464C-4D3C-996E-BDD4BAF9E561}.Release|Any CPU.Build.0 = Release|Any CPU
	EndGlobalSection
	GlobalSection(SolutionProperties) = preSolution
		HideSolutionNode = FALSE
	EndGlobalSection
	GlobalSection(ExtensibilityGlobals) = postSolution
		SolutionGuid = {BF66906E-3AD8-4CCA-B060-8AEDBDAF26CA}
	EndGlobalSection
EndGlobal
